// !$*UTF8*$!
{
	archiveVersion = 1;
	classes = {
	};
	objectVersion = 46;
	objects = {

/* Begin PBXBuildFile section */
		81CCB0B718046E870064471F /* Foundation.framework in Frameworks */ = {isa = PBXBuildFile; fileRef = 81CCB0B618046E870064471F /* Foundation.framework */; };
		81CCB0BA18046E870064471F /* main.m in Sources */ = {isa = PBXBuildFile; fileRef = 81CCB0B918046E870064471F /* main.m */; };
		81CCB0BE18046E870064471F /* QuasigeostrophicEquationWithTracers.1 in CopyFiles */ = {isa = PBXBuildFile; fileRef = 81CCB0BD18046E870064471F /* QuasigeostrophicEquationWithTracers.1 */; };
/* End PBXBuildFile section */

/* Begin PBXCopyFilesBuildPhase section */
		81CCB0B118046E870064471F /* CopyFiles */ = {
			isa = PBXCopyFilesBuildPhase;
			buildActionMask = 2147483647;
			dstPath = /usr/share/man/man1/;
			dstSubfolderSpec = 0;
			files = (
				81CCB0BE18046E870064471F /* QuasigeostrophicEquationWithTracers.1 in CopyFiles */,
			);
			runOnlyForDeploymentPostprocessing = 1;
		};
/* End PBXCopyFilesBuildPhase section */

/* Begin PBXFileReference section */
		81CCB0B318046E870064471F /* QuasigeostrophicEquationWithTracers */ = {isa = PBXFileReference; explicitFileType = "compiled.mach-o.executable"; includeInIndex = 0; path = QuasigeostrophicEquationWithTracers; sourceTree = BUILT_PRODUCTS_DIR; };
		81CCB0B618046E870064471F /* Foundation.framework */ = {isa = PBXFileReference; lastKnownFileType = wrapper.framework; name = Foundation.framework; path = System/Library/Frameworks/Foundation.framework; sourceTree = SDKROOT; };
		81CCB0B918046E870064471F /* main.m */ = {isa = PBXFileReference; lastKnownFileType = sourcecode.c.objc; path = main.m; sourceTree = "<group>"; };
		81CCB0BC18046E870064471F /* QuasigeostrophicEquationWithTracers-Prefix.pch */ = {isa = PBXFileReference; lastKnownFileType = sourcecode.c.h; path = "QuasigeostrophicEquationWithTracers-Prefix.pch"; sourceTree = "<group>"; };
		81CCB0BD18046E870064471F /* QuasigeostrophicEquationWithTracers.1 */ = {isa = PBXFileReference; lastKnownFileType = text.man; path = QuasigeostrophicEquationWithTracers.1; sourceTree = "<group>"; };
/* End PBXFileReference section */

/* Begin PBXFrameworksBuildPhase section */
		81CCB0B018046E870064471F /* Frameworks */ = {
			isa = PBXFrameworksBuildPhase;
			buildActionMask = 2147483647;
			files = (
				81CCB0B718046E870064471F /* Foundation.framework in Frameworks */,
			);
			runOnlyForDeploymentPostprocessing = 0;
		};
/* End PBXFrameworksBuildPhase section */

/* Begin PBXGroup section */
		81CCB0AA18046E870064471F = {
			isa = PBXGroup;
			children = (
				81CCB0B818046E870064471F /* QuasigeostrophicEquationWithTracers */,
				81CCB0B518046E870064471F /* Frameworks */,
				81CCB0B418046E870064471F /* Products */,
			);
			sourceTree = "<group>";
		};
		81CCB0B418046E870064471F /* Products */ = {
			isa = PBXGroup;
			children = (
				81CCB0B318046E870064471F /* QuasigeostrophicEquationWithTracers */,
			);
			name = Products;
			sourceTree = "<group>";
		};
		81CCB0B518046E870064471F /* Frameworks */ = {
			isa = PBXGroup;
			children = (
				81CCB0B618046E870064471F /* Foundation.framework */,
			);
			name = Frameworks;
			sourceTree = "<group>";
		};
		81CCB0B818046E870064471F /* QuasigeostrophicEquationWithTracers */ = {
			isa = PBXGroup;
			children = (
				81CCB0B918046E870064471F /* main.m */,
				81CCB0BD18046E870064471F /* QuasigeostrophicEquationWithTracers.1 */,
				81CCB0BB18046E870064471F /* Supporting Files */,
			);
			path = QuasigeostrophicEquationWithTracers;
			sourceTree = "<group>";
		};
		81CCB0BB18046E870064471F /* Supporting Files */ = {
			isa = PBXGroup;
			children = (
				81CCB0BC18046E870064471F /* QuasigeostrophicEquationWithTracers-Prefix.pch */,
			);
			name = "Supporting Files";
			sourceTree = "<group>";
		};
/* End PBXGroup section */

/* Begin PBXNativeTarget section */
		81CCB0B218046E870064471F /* QuasigeostrophicEquationWithTracers */ = {
			isa = PBXNativeTarget;
			buildConfigurationList = 81CCB0C118046E870064471F /* Build configuration list for PBXNativeTarget "QuasigeostrophicEquationWithTracers" */;
			buildPhases = (
				81CCB0AF18046E870064471F /* Sources */,
				81CCB0B018046E870064471F /* Frameworks */,
				81CCB0B118046E870064471F /* CopyFiles */,
			);
			buildRules = (
			);
			dependencies = (
			);
			name = QuasigeostrophicEquationWithTracers;
			productName = QuasigeostrophicEquationWithTracers;
			productReference = 81CCB0B318046E870064471F /* QuasigeostrophicEquationWithTracers */;
			productType = "com.apple.product-type.tool";
		};
/* End PBXNativeTarget section */

/* Begin PBXProject section */
		81CCB0AB18046E870064471F /* Project object */ = {
			isa = PBXProject;
			attributes = {
				LastUpgradeCheck = 0500;
				ORGANIZATIONNAME = "Jeffrey J. Early";
			};
			buildConfigurationList = 81CCB0AE18046E870064471F /* Build configuration list for PBXProject "QuasigeostrophicEquationWithTracers" */;
			compatibilityVersion = "Xcode 3.2";
			developmentRegion = English;
			hasScannedForEncodings = 0;
			knownRegions = (
				en,
			);
			mainGroup = 81CCB0AA18046E870064471F;
			productRefGroup = 81CCB0B418046E870064471F /* Products */;
			projectDirPath = "";
			projectRoot = "";
			targets = (
				81CCB0B218046E870064471F /* QuasigeostrophicEquationWithTracers */,
			);
		};
/* End PBXProject section */

/* Begin PBXSourcesBuildPhase section */
		81CCB0AF18046E870064471F /* Sources */ = {
			isa = PBXSourcesBuildPhase;
			buildActionMask = 2147483647;
			files = (
				81CCB0BA18046E870064471F /* main.m in Sources */,
			);
			runOnlyForDeploymentPostprocessing = 0;
		};
/* End PBXSourcesBuildPhase section */

/* Begin XCBuildConfiguration section */
		81CCB0BF18046E870064471F /* Debug */ = {
			isa = XCBuildConfiguration;
			buildSettings = {
				ALWAYS_SEARCH_USER_PATHS = NO;
				CLANG_CXX_LANGUAGE_STANDARD = "gnu++0x";
				CLANG_CXX_LIBRARY = "libc++";
				CLANG_ENABLE_OBJC_ARC = YES;
				CLANG_WARN_BOOL_CONVERSION = YES;
				CLANG_WARN_CONSTANT_CONVERSION = YES;
				CLANG_WARN_DIRECT_OBJC_ISA_USAGE = YES_ERROR;
				CLANG_WARN_EMPTY_BODY = YES;
				CLANG_WARN_ENUM_CONVERSION = YES;
				CLANG_WARN_INT_CONVERSION = YES;
				CLANG_WARN_OBJC_ROOT_CLASS = YES_ERROR;
				CLANG_WARN__DUPLICATE_METHOD_MATCH = YES;
				COPY_PHASE_STRIP = NO;
				GCC_C_LANGUAGE_STANDARD = gnu99;
				GCC_DYNAMIC_NO_PIC = NO;
				GCC_ENABLE_OBJC_EXCEPTIONS = YES;
				GCC_OPTIMIZATION_LEVEL = 0;
				GCC_PREPROCESSOR_DEFINITIONS = (
					"DEBUG=1",
					"$(inherited)",
				);
				GCC_SYMBOLS_PRIVATE_EXTERN = NO;
				GCC_WARN_64_TO_32_BIT_CONVERSION = YES;
				GCC_WARN_ABOUT_RETURN_TYPE = YES_ERROR;
				GCC_WARN_UNDECLARED_SELECTOR = YES;
				GCC_WARN_UNINITIALIZED_AUTOS = YES;
				GCC_WARN_UNUSED_FUNCTION = YES;
				GCC_WARN_UNUSED_VARIABLE = YES;
				MACOSX_DEPLOYMENT_TARGET = 10.8;
				ONLY_ACTIVE_ARCH = YES;
				SDKROOT = macosx;
			};
			name = Debug;
		};
		81CCB0C018046E870064471F /* Release */ = {
			isa = XCBuildConfiguration;
			buildSettings = {
				ALWAYS_SEARCH_USER_PATHS = NO;
				CLANG_CXX_LANGUAGE_STANDARD = "gnu++0x";
				CLANG_CXX_LIBRARY = "libc++";
				CLANG_ENABLE_OBJC_ARC = YES;
				CLANG_WARN_BOOL_CONVERSION = YES;
				CLANG_WARN_CONSTANT_CONVERSION = YES;
				CLANG_WARN_DIRECT_OBJC_ISA_USAGE = YES_ERROR;
				CLANG_WARN_EMPTY_BODY = YES;
				CLANG_WARN_ENUM_CONVERSION = YES;
				CLANG_WARN_INT_CONVERSION = YES;
				CLANG_WARN_OBJC_ROOT_CLASS = YES_ERROR;
				CLANG_WARN__DUPLICATE_METHOD_MATCH = YES;
				COPY_PHASE_STRIP = YES;
				DEBUG_INFORMATION_FORMAT = "dwarf-with-dsym";
				ENABLE_NS_ASSERTIONS = NO;
				GCC_C_LANGUAGE_STANDARD = gnu99;
				GCC_ENABLE_OBJC_EXCEPTIONS = YES;
				GCC_WARN_64_TO_32_BIT_CONVERSION = YES;
				GCC_WARN_ABOUT_RETURN_TYPE = YES_ERROR;
				GCC_WARN_UNDECLARED_SELECTOR = YES;
				GCC_WARN_UNINITIALIZED_AUTOS = YES;
				GCC_WARN_UNUSED_FUNCTION = YES;
				GCC_WARN_UNUSED_VARIABLE = YES;
				MACOSX_DEPLOYMENT_TARGET = 10.8;
				SDKROOT = macosx;
			};
			name = Release;
		};
		81CCB0C218046E870064471F /* Debug */ = {
			isa = XCBuildConfiguration;
			buildSettings = {
				GCC_PRECOMPILE_PREFIX_HEADER = YES;
				GCC_PREFIX_HEADER = "QuasigeostrophicEquationWithTracers/QuasigeostrophicEquationWithTracers-Prefix.pch";
				PRODUCT_NAME = "$(TARGET_NAME)";
			};
			name = Debug;
		};
		81CCB0C318046E870064471F /* Release */ = {
			isa = XCBuildConfiguration;
			buildSettings = {
				GCC_PRECOMPILE_PREFIX_HEADER = YES;
				GCC_PREFIX_HEADER = "QuasigeostrophicEquationWithTracers/QuasigeostrophicEquationWithTracers-Prefix.pch";
				PRODUCT_NAME = "$(TARGET_NAME)";
			};
			name = Release;
		};
/* End XCBuildConfiguration section */

/* Begin XCConfigurationList section */
		81CCB0AE18046E870064471F /* Build configuration list for PBXProject "QuasigeostrophicEquationWithTracers" */ = {
			isa = XCConfigurationList;
			buildConfigurations = (
				81CCB0BF18046E870064471F /* Debug */,
				81CCB0C018046E870064471F /* Release */,
			);
			defaultConfigurationIsVisible = 0;
			defaultConfigurationName = Release;
		};
		81CCB0C118046E870064471F /* Build configuration list for PBXNativeTarget "QuasigeostrophicEquationWithTracers" */ = {
			isa = XCConfigurationList;
			buildConfigurations = (
				81CCB0C218046E870064471F /* Debug */,
				81CCB0C318046E870064471F /* Release */,
			);
			defaultConfigurationIsVisible = 0;
		};
/* End XCConfigurationList section */
	};
	rootObject = 81CCB0AB18046E870064471F /* Project object */;
}
